
Microsoft Visual Studio Solution File, Format Version 12.00
# Visual Studio Version 17
VisualStudioVersion = 17.0.31903.59
MinimumVisualStudioVersion = 10.0.40219.1
Project("{FAE04EC0-301F-11D3-BF4B-00C04F79EFBC}") = "DataBalk.Mcp.Server.Copilot", "DataBalk.Mcp.Server.Copilot\DataBalk.Mcp.Server.Copilot.csproj", "{16F60B52-0599-4CF7-8237-F7B729BFE945}"
EndProject
Project("{FAE04EC0-301F-11D3-BF4B-00C04F79EFBC}") = "DataBalk.Mcp.Common", "DataBalk.Mcp.Common\DataBalk.Mcp.Common.csproj", "{35B64852-660E-474E-BD82-B8F3AEA1AED4}"
EndProject
Project("{FAE04EC0-301F-11D3-BF4B-00C04F79EFBC}") = "DataBalk.Mcp.Client", "DataBalk.Mcp.Client\DataBalk.Mcp.Client.csproj", "{8F1A17DB-CA75-44DF-BF14-1CCC40454347}"
EndProject
Global
	GlobalSection(SolutionConfigurationPlatforms) = preSolution
		Debug|Any CPU = Debug|Any CPU
		Release|Any CPU = Release|Any CPU
	EndGlobalSection
	GlobalSection(ProjectConfigurationPlatforms) = postSolution
		{16F60B52-0599-4CF7-8237-F7B729BFE945}.Debug|Any CPU.ActiveCfg = Debug|Any CPU
		{16F60B52-0599-4CF7-8237-F7B729BFE945}.Debug|Any CPU.Build.0 = Debug|Any CPU
		{16F60B52-0599-4CF7-8237-F7B729BFE945}.Release|Any CPU.ActiveCfg = Release|Any CPU
		{16F60B52-0599-4CF7-8237-F7B729BFE945}.Release|Any CPU.Build.0 = Release|Any CPU
		{35B64852-660E-474E-BD82-B8F3AEA1AED4}.Debug|Any CPU.ActiveCfg = Debug|Any CPU
		{35B64852-660E-474E-BD82-B8F3AEA1AED4}.Debug|Any CPU.Build.0 = Debug|Any CPU
		{35B64852-660E-474E-BD82-B8F3AEA1AED4}.Release|Any CPU.ActiveCfg = Release|Any CPU
		{35B64852-660E-474E-BD82-B8F3AEA1AED4}.Release|Any CPU.Build.0 = Release|Any CPU
		{8F1A17DB-CA75-44DF-BF14-1CCC40454347}.Debug|Any CPU.ActiveCfg = Debug|Any CPU
		{8F1A17DB-CA75-44DF-BF14-1CCC40454347}.Debug|Any CPU.Build.0 = Debug|Any CPU
		{8F1A17DB-CA75-44DF-BF14-1CCC40454347}.Release|Any CPU.ActiveCfg = Release|Any CPU
		{8F1A17DB-CA75-44DF-BF14-1CCC40454347}.Release|Any CPU.Build.0 = Release|Any CPU
	EndGlobalSection
	GlobalSection(SolutionProperties) = preSolution
		HideSolutionNode = FALSE
	EndGlobalSection
	GlobalSection(ExtensibilityGlobals) = postSolution
		SolutionGuid = {8E18946A-CCF3-4205-AF1E-00F50DE6CDA1}
	EndGlobalSection
EndGlobal
